
Microsoft Visual Studio Solution File, Format Version 12.00
# Visual Studio Version 18
VisualStudioVersion = 18.4.11612.150 stable
MinimumVisualStudioVersion = 10.0.40219.1
Project("{FAE04EC0-301F-11D3-BF4B-00C04F79EFBC}") = "ZapThatSap", "ZapThatSap.csproj", "{3A08AC09-B17D-E178-0CC2-BCB61BDB54A3}"
EndProject
Global
	GlobalSection(SolutionConfigurationPlatforms) = preSolution
		Debug|Any CPU = Debug|Any CPU
		Release|Any CPU = Release|Any CPU
	EndGlobalSection
	GlobalSection(ProjectConfigurationPlatforms) = postSolution
		{3A08AC09-B17D-E178-0CC2-BCB61BDB54A3}.Debug|Any CPU.ActiveCfg = Debug|Any CPU
		{3A08AC09-B17D-E178-0CC2-BCB61BDB54A3}.Debug|Any CPU.Build.0 = Debug|Any CPU
		{3A08AC09-B17D-E178-0CC2-BCB61BDB54A3}.Release|Any CPU.ActiveCfg = Release|Any CPU
		{3A08AC09-B17D-E178-0CC2-BCB61BDB54A3}.Release|Any CPU.Build.0 = Release|Any CPU
	EndGlobalSection
	GlobalSection(SolutionProperties) = preSolution
		HideSolutionNode = FALSE
	EndGlobalSection
	GlobalSection(ExtensibilityGlobals) = postSolution
		SolutionGuid = {F4D301EC-4FED-4FD3-8BE6-DE3756C2B8D7}
	EndGlobalSection
EndGlobal
